// !$*UTF8*$!
{
	archiveVersion = 1;
	classes = {
	};
	objectVersion = 46;
	objects = {

/* Begin PBXBuildFile section */
		064B4CE41D736D470039C328 /* still time.ttf in Resources */ = {isa = PBXBuildFile; fileRef = 064B4CE31D736D470039C328 /* still time.ttf */; };
		064B4CE61D7375250039C328 /* VideoVC.swift in Sources */ = {isa = PBXBuildFile; fileRef = 064B4CE51D7375250039C328 /* VideoVC.swift */; };
		064B4CE81D73799A0039C328 /* PartyCell.swift in Sources */ = {isa = PBXBuildFile; fileRef = 064B4CE71D73799A0039C328 /* PartyCell.swift */; };
		064B4CEA1D73814E0039C328 /* PartyRock.swift in Sources */ = {isa = PBXBuildFile; fileRef = 064B4CE91D73814E0039C328 /* PartyRock.swift */; };
		06F69CC21D73526300D1B984 /* AppDelegate.swift in Sources */ = {isa = PBXBuildFile; fileRef = 06F69CC11D73526300D1B984 /* AppDelegate.swift */; };
		06F69CC41D73526300D1B984 /* MainVC.swift in Sources */ = {isa = PBXBuildFile; fileRef = 06F69CC31D73526300D1B984 /* MainVC.swift */; };
		06F69CC71D73526300D1B984 /* Main.storyboard in Resources */ = {isa = PBXBuildFile; fileRef = 06F69CC51D73526300D1B984 /* Main.storyboard */; };
		06F69CC91D73526300D1B984 /* Assets.xcassets in Resources */ = {isa = PBXBuildFile; fileRef = 06F69CC81D73526300D1B984 /* Assets.xcassets */; };
		06F69CCC1D73526300D1B984 /* LaunchScreen.storyboard in Resources */ = {isa = PBXBuildFile; fileRef = 06F69CCA1D73526300D1B984 /* LaunchScreen.storyboard */; };
/* End PBXBuildFile section */

/* Begin PBXFileReference section */
		064B4CE31D736D470039C328 /* still time.ttf */ = {isa = PBXFileReference; lastKnownFileType = file; path = "still time.ttf"; sourceTree = "<group>"; };
		064B4CE51D7375250039C328 /* VideoVC.swift */ = {isa = PBXFileReference; fileEncoding = 4; lastKnownFileType = sourcecode.swift; path = VideoVC.swift; sourceTree = "<group>"; };
		064B4CE71D73799A0039C328 /* PartyCell.swift */ = {isa = PBXFileReference; fileEncoding = 4; lastKnownFileType = sourcecode.swift; path = PartyCell.swift; sourceTree = "<group>"; };
		064B4CE91D73814E0039C328 /* PartyRock.swift */ = {isa = PBXFileReference; fileEncoding = 4; lastKnownFileType = sourcecode.swift; path = PartyRock.swift; sourceTree = "<group>"; };
		06F69CBE1D73526300D1B984 /* PartyRockApp.app */ = {isa = PBXFileReference; explicitFileType = wrapper.application; includeInIndex = 0; path = PartyRockApp.app; sourceTree = BUILT_PRODUCTS_DIR; };
		06F69CC11D73526300D1B984 /* AppDelegate.swift */ = {isa = PBXFileReference; lastKnownFileType = sourcecode.swift; path = AppDelegate.swift; sourceTree = "<group>"; };
		06F69CC31D73526300D1B984 /* MainVC.swift */ = {isa = PBXFileReference; lastKnownFileType = sourcecode.swift; path = MainVC.swift; sourceTree = "<group>"; };
		06F69CC61D73526300D1B984 /* Base */ = {isa = PBXFileReference; lastKnownFileType = file.storyboard; name = Base; path = Base.lproj/Main.storyboard; sourceTree = "<group>"; };
		06F69CC81D73526300D1B984 /* Assets.xcassets */ = {isa = PBXFileReference; lastKnownFileType = folder.assetcatalog; path = Assets.xcassets; sourceTree = "<group>"; };
		06F69CCB1D73526300D1B984 /* Base */ = {isa = PBXFileReference; lastKnownFileType = file.storyboard; name = Base; path = Base.lproj/LaunchScreen.storyboard; sourceTree = "<group>"; };
		06F69CCD1D73526300D1B984 /* Info.plist */ = {isa = PBXFileReference; lastKnownFileType = text.plist.xml; path = Info.plist; sourceTree = "<group>"; };
/* End PBXFileReference section */

/* Begin PBXFrameworksBuildPhase section */
		06F69CBB1D73526300D1B984 /* Frameworks */ = {
			isa = PBXFrameworksBuildPhase;
			buildActionMask = 2147483647;
			files = (
			);
			runOnlyForDeploymentPostprocessing = 0;
		};
/* End PBXFrameworksBuildPhase section */

/* Begin PBXGroup section */
		064B4CDF1D7356E00039C328 /* Model */ = {
			isa = PBXGroup;
			children = (
				064B4CE91D73814E0039C328 /* PartyRock.swift */,
			);
			name = Model;
			sourceTree = "<group>";
		};
		064B4CE01D7356EA0039C328 /* View */ = {
			isa = PBXGroup;
			children = (
				064B4CE71D73799A0039C328 /* PartyCell.swift */,
			);
			name = View;
			sourceTree = "<group>";
		};
		064B4CE11D7356F90039C328 /* Controller */ = {
			isa = PBXGroup;
			children = (
				06F69CC31D73526300D1B984 /* MainVC.swift */,
				064B4CE51D7375250039C328 /* VideoVC.swift */,
			);
			name = Controller;
			sourceTree = "<group>";
		};
		064B4CE21D736D250039C328 /* Files */ = {
			isa = PBXGroup;
			children = (
				064B4CE31D736D470039C328 /* still time.ttf */,
			);
			name = Files;
			sourceTree = "<group>";
		};
		06F69CB51D73526300D1B984 = {
			isa = PBXGroup;
			children = (
				06F69CC01D73526300D1B984 /* PartyRockApp */,
				06F69CBF1D73526300D1B984 /* Products */,
			);
			sourceTree = "<group>";
		};
		06F69CBF1D73526300D1B984 /* Products */ = {
			isa = PBXGroup;
			children = (
				06F69CBE1D73526300D1B984 /* PartyRockApp.app */,
			);
			name = Products;
			sourceTree = "<group>";
		};
		06F69CC01D73526300D1B984 /* PartyRockApp */ = {
			isa = PBXGroup;
			children = (
				064B4CE21D736D250039C328 /* Files */,
				064B4CE11D7356F90039C328 /* Controller */,
				064B4CE01D7356EA0039C328 /* View */,
				064B4CDF1D7356E00039C328 /* Model */,
				06F69CC11D73526300D1B984 /* AppDelegate.swift */,
				06F69CCA1D73526300D1B984 /* LaunchScreen.storyboard */,
				06F69CC51D73526300D1B984 /* Main.storyboard */,
				06F69CC81D73526300D1B984 /* Assets.xcassets */,
				06F69CCD1D73526300D1B984 /* Info.plist */,
			);
			path = PartyRockApp;
			sourceTree = "<group>";
		};
/* End PBXGroup section */

/* Begin PBXNativeTarget section */
		06F69CBD1D73526300D1B984 /* PartyRockApp */ = {
			isa = PBXNativeTarget;
			buildConfigurationList = 06F69CD01D73526300D1B984 /* Build configuration list for PBXNativeTarget "PartyRockApp" */;
			buildPhases = (
				06F69CBA1D73526300D1B984 /* Sources */,
				06F69CBB1D73526300D1B984 /* Frameworks */,
				06F69CBC1D73526300D1B984 /* Resources */,
			);
			buildRules = (
			);
			dependencies = (
			);
			name = PartyRockApp;
			productName = PartyRockApp;
			productReference = 06F69CBE1D73526300D1B984 /* PartyRockApp.app */;
			productType = "com.apple.product-type.application";
		};
/* End PBXNativeTarget section */

/* Begin PBXProject section */
		06F69CB61D73526300D1B984 /* Project object */ = {
			isa = PBXProject;
			attributes = {
				LastSwiftUpdateCheck = 0800;
				LastUpgradeCheck = 0800;
				ORGANIZATIONNAME = gaberdios;
				TargetAttributes = {
					06F69CBD1D73526300D1B984 = {
						CreatedOnToolsVersion = 8.0;
						DevelopmentTeam = T9G2R3YYXX;
						ProvisioningStyle = Automatic;
					};
				};
			};
			buildConfigurationList = 06F69CB91D73526300D1B984 /* Build configuration list for PBXProject "PartyRockApp" */;
			compatibilityVersion = "Xcode 3.2";
			developmentRegion = English;
			hasScannedForEncodings = 0;
			knownRegions = (
				en,
				Base,
			);
			mainGroup = 06F69CB51D73526300D1B984;
			productRefGroup = 06F69CBF1D73526300D1B984 /* Products */;
			projectDirPath = "";
			projectRoot = "";
			targets = (
				06F69CBD1D73526300D1B984 /* PartyRockApp */,
			);
		};
/* End PBXProject section */

/* Begin PBXResourcesBuildPhase section */
		06F69CBC1D73526300D1B984 /* Resources */ = {
			isa = PBXResourcesBuildPhase;
			buildActionMask = 2147483647;
			files = (
				06F69CCC1D73526300D1B984 /* LaunchScreen.storyboard in Resources */,
				064B4CE41D736D470039C328 /* still time.ttf in Resources */,
				06F69CC91D73526300D1B984 /* Assets.xcassets in Resources */,
				06F69CC71D73526300D1B984 /* Main.storyboard in Resources */,
			);
			runOnlyForDeploymentPostprocessing = 0;
		};
/* End PBXResourcesBuildPhase section */

/* Begin PBXSourcesBuildPhase section */
		06F69CBA1D73526300D1B984 /* Sources */ = {
			isa = PBXSourcesBuildPhase;
			buildActionMask = 2147483647;
			files = (
				064B4CE61D7375250039C328 /* VideoVC.swift in Sources */,
				06F69CC41D73526300D1B984 /* MainVC.swift in Sources */,
				064B4CEA1D73814E0039C328 /* PartyRock.swift in Sources */,
				064B4CE81D73799A0039C328 /* PartyCell.swift in Sources */,
				06F69CC21D73526300D1B984 /* AppDelegate.swift in Sources */,
			);
			runOnlyForDeploymentPostprocessing = 0;
		};
/* End PBXSourcesBuildPhase section */

/* Begin PBXVariantGroup section */
		06F69CC51D73526300D1B984 /* Main.storyboard */ = {
			isa = PBXVariantGroup;
			children = (
				06F69CC61D73526300D1B984 /* Base */,
			);
			name = Main.storyboard;
			sourceTree = "<group>";
		};
		06F69CCA1D73526300D1B984 /* LaunchScreen.storyboard */ = {
			isa = PBXVariantGroup;
			children = (
				06F69CCB1D73526300D1B984 /* Base */,
			);
			name = LaunchScreen.storyboard;
			sourceTree = "<group>";
		};
/* End PBXVariantGroup section */

/* Begin XCBuildConfiguration section */
		06F69CCE1D73526300D1B984 /* Debug */ = {
			isa = XCBuildConfiguration;
			buildSettings = {
				ALWAYS_SEARCH_USER_PATHS = NO;
				CLANG_ANALYZER_NONNULL = YES;
				CLANG_CXX_LANGUAGE_STANDARD = "gnu++0x";
				CLANG_CXX_LIBRARY = "libc++";
				CLANG_ENABLE_MODULES = YES;
				CLANG_ENABLE_OBJC_ARC = YES;
				CLANG_WARN_BOOL_CONVERSION = YES;
				CLANG_WARN_CONSTANT_CONVERSION = YES;
				CLANG_WARN_DIRECT_OBJC_ISA_USAGE = YES_ERROR;
				CLANG_WARN_DOCUMENTATION_COMMENTS = YES;
				CLANG_WARN_EMPTY_BODY = YES;
				CLANG_WARN_ENUM_CONVERSION = YES;
				CLANG_WARN_INFINITE_RECURSION = YES;
				CLANG_WARN_INT_CONVERSION = YES;
				CLANG_WARN_OBJC_ROOT_CLASS = YES_ERROR;
				CLANG_WARN_SUSPICIOUS_MOVES = YES;
				CLANG_WARN_UNREACHABLE_CODE = YES;
				CLANG_WARN__DUPLICATE_METHOD_MATCH = YES;
				"CODE_SIGN_IDENTITY[sdk=iphoneos*]" = "iPhone Developer";
				COPY_PHASE_STRIP = NO;
				DEBUG_INFORMATION_FORMAT = dwarf;
				ENABLE_STRICT_OBJC_MSGSEND = YES;
				ENABLE_TESTABILITY = YES;
				GCC_C_LANGUAGE_STANDARD = gnu99;
				GCC_DYNAMIC_NO_PIC = NO;
				GCC_NO_COMMON_BLOCKS = YES;
				GCC_OPTIMIZATION_LEVEL = 0;
				GCC_PREPROCESSOR_DEFINITIONS = (
					"DEBUG=1",
					"$(inherited)",
				);
				GCC_WARN_64_TO_32_BIT_CONVERSION = YES;
				GCC_WARN_ABOUT_RETURN_TYPE = YES_ERROR;
				GCC_WARN_UNDECLARED_SELECTOR = YES;
				GCC_WARN_UNINITIALIZED_AUTOS = YES_AGGRESSIVE;
				GCC_WARN_UNUSED_FUNCTION = YES;
				GCC_WARN_UNUSED_VARIABLE = YES;
				IPHONEOS_DEPLOYMENT_TARGET = 10.0;
				MTL_ENABLE_DEBUG_INFO = YES;
				ONLY_ACTIVE_ARCH = YES;
				SDKROOT = iphoneos;
				SWIFT_ACTIVE_COMPILATION_CONDITIONS = DEBUG;
				SWIFT_OPTIMIZATION_LEVEL = "-Onone";
				TARGETED_DEVICE_FAMILY = "1,2";
			};
			name = Debug;
		};
		06F69CCF1D73526300D1B984 /* Release */ = {
			isa = XCBuildConfiguration;
			buildSettings = {
				ALWAYS_SEARCH_USER_PATHS = NO;
				CLANG_ANALYZER_NONNULL = YES;
				CLANG_CXX_LANGUAGE_STANDARD = "gnu++0x";
				CLANG_CXX_LIBRARY = "libc++";
				CLANG_ENABLE_MODULES = YES;
				CLANG_ENABLE_OBJC_ARC = YES;
				CLANG_WARN_BOOL_CONVERSION = YES;
				CLANG_WARN_CONSTANT_CONVERSION = YES;
				CLANG_WARN_DIRECT_OBJC_ISA_USAGE = YES_ERROR;
				CLANG_WARN_DOCUMENTATION_COMMENTS = YES;
				CLANG_WARN_EMPTY_BODY = YES;
				CLANG_WARN_ENUM_CONVERSION = YES;
				CLANG_WARN_INFINITE_RECURSION = YES;
				CLANG_WARN_INT_CONVERSION = YES;
				CLANG_WARN_OBJC_ROOT_CLASS = YES_ERROR;
				CLANG_WARN_SUSPICIOUS_MOVES = YES;
				CLANG_WARN_UNREACHABLE_CODE = YES;
				CLANG_WARN__DUPLICATE_METHOD_MATCH = YES;
				"CODE_SIGN_IDENTITY[sdk=iphoneos*]" = "iPhone Developer";
				COPY_PHASE_STRIP = NO;
				DEBUG_INFORMATION_FORMAT = "dwarf-with-dsym";
				ENABLE_NS_ASSERTIONS = NO;
				ENABLE_STRICT_OBJC_MSGSEND = YES;
				GCC_C_LANGUAGE_STANDARD = gnu99;
				GCC_NO_COMMON_BLOCKS = YES;
				GCC_WARN_64_TO_32_BIT_CONVERSION = YES;
				GCC_WARN_ABOUT_RETURN_TYPE = YES_ERROR;
				GCC_WARN_UNDECLARED_SELECTOR = YES;
				GCC_WARN_UNINITIALIZED_AUTOS = YES_AGGRESSIVE;
				GCC_WARN_UNUSED_FUNCTION = YES;
				GCC_WARN_UNUSED_VARIABLE = YES;
				IPHONEOS_DEPLOYMENT_TARGET = 10.0;
				MTL_ENABLE_DEBUG_INFO = NO;
				SDKROOT = iphoneos;
				SWIFT_OPTIMIZATION_LEVEL = "-Owholemodule";
				TARGETED_DEVICE_FAMILY = "1,2";
				VALIDATE_PRODUCT = YES;
			};
			name = Release;
		};
		06F69CD11D73526300D1B984 /* Debug */ = {
			isa = XCBuildConfiguration;
			buildSettings = {
				ASSETCATALOG_COMPILER_APPICON_NAME = AppIcon;
				DEVELOPMENT_TEAM = T9G2R3YYXX;
				INFOPLIST_FILE = PartyRockApp/Info.plist;
				LD_RUNPATH_SEARCH_PATHS = "$(inherited) @executable_path/Frameworks";
				PRODUCT_BUNDLE_IDENTIFIER = com.gaberdios.PartyRockApp;
				PRODUCT_NAME = "$(TARGET_NAME)";
				SWIFT_VERSION = 3.0;
			};
			name = Debug;
		};
		06F69CD21D73526300D1B984 /* Release */ = {
			isa = XCBuildConfiguration;
			buildSettings = {
				ASSETCATALOG_COMPILER_APPICON_NAME = AppIcon;
				DEVELOPMENT_TEAM = T9G2R3YYXX;
				INFOPLIST_FILE = PartyRockApp/Info.plist;
				LD_RUNPATH_SEARCH_PATHS = "$(inherited) @executable_path/Frameworks";
				PRODUCT_BUNDLE_IDENTIFIER = com.gaberdios.PartyRockApp;
				PRODUCT_NAME = "$(TARGET_NAME)";
				SWIFT_VERSION = 3.0;
			};
			name = Release;
		};
/* End XCBuildConfiguration section */

/* Begin XCConfigurationList section */
		06F69CB91D73526300D1B984 /* Build configuration list for PBXProject "PartyRockApp" */ = {
			isa = XCConfigurationList;
			buildConfigurations = (
				06F69CCE1D73526300D1B984 /* Debug */,
				06F69CCF1D73526300D1B984 /* Release */,
			);
			defaultConfigurationIsVisible = 0;
			defaultConfigurationName = Release;
		};
		06F69CD01D73526300D1B984 /* Build configuration list for PBXNativeTarget "PartyRockApp" */ = {
			isa = XCConfigurationList;
			buildConfigurations = (
				06F69CD11D73526300D1B984 /* Debug */,
				06F69CD21D73526300D1B984 /* Release */,
			);
			defaultConfigurationIsVisible = 0;
			defaultConfigurationName = Release;
		};
/* End XCConfigurationList section */
	};
	rootObject = 06F69CB61D73526300D1B984 /* Project object */;
}
